
Microsoft Visual Studio Solution File, Format Version 12.00
# Visual Studio Version 16
VisualStudioVersion = 16.0.32106.194
MinimumVisualStudioVersion = 10.0.40219.1
Project("{FAE04EC0-301F-11D3-BF4B-00C04F79EFBC}") = "TSystem_Project", "TSystem_Project\TSystem_Project.csproj", "{F5D246AC-8C1C-44A7-AD45-4A4F51672E3D}"
EndProject
Global
	GlobalSection(SolutionConfigurationPlatforms) = preSolution
		Debug|Any CPU = Debug|Any CPU
		Release|Any CPU = Release|Any CPU
	EndGlobalSection
	GlobalSection(ProjectConfigurationPlatforms) = postSolution
		{F5D246AC-8C1C-44A7-AD45-4A4F51672E3D}.Debug|Any CPU.ActiveCfg = Debug|Any CPU
		{F5D246AC-8C1C-44A7-AD45-4A4F51672E3D}.Debug|Any CPU.Build.0 = Debug|Any CPU
		{F5D246AC-8C1C-44A7-AD45-4A4F51672E3D}.Release|Any CPU.ActiveCfg = Release|Any CPU
		{F5D246AC-8C1C-44A7-AD45-4A4F51672E3D}.Release|Any CPU.Build.0 = Release|Any CPU
	EndGlobalSection
	GlobalSection(SolutionProperties) = preSolution
		HideSolutionNode = FALSE
	EndGlobalSection
	GlobalSection(ExtensibilityGlobals) = postSolution
		SolutionGuid = {AEB49C8A-DF62-420A-A37D-5B74209B375D}
	EndGlobalSection
EndGlobal
